
Microsoft Visual Studio Solution File, Format Version 12.00
# Visual Studio Version 17
VisualStudioVersion = 17.9.34728.123
MinimumVisualStudioVersion = 10.0.40219.1
Project("{FAE04EC0-301F-11D3-BF4B-00C04F79EFBC}") = "ProyectoVentasElectronicas", "ProyectoVentasElectronicas\ProyectoVentasElectronicas.csproj", "{7BD826D9-9499-48F8-8659-8A94A0FAA637}"
EndProject
Global
	GlobalSection(SolutionConfigurationPlatforms) = preSolution
		Debug|Any CPU = Debug|Any CPU
		Release|Any CPU = Release|Any CPU
	EndGlobalSection
	GlobalSection(ProjectConfigurationPlatforms) = postSolution
		{7BD826D9-9499-48F8-8659-8A94A0FAA637}.Debug|Any CPU.ActiveCfg = Debug|Any CPU
		{7BD826D9-9499-48F8-8659-8A94A0FAA637}.Debug|Any CPU.Build.0 = Debug|Any CPU
		{7BD826D9-9499-48F8-8659-8A94A0FAA637}.Release|Any CPU.ActiveCfg = Release|Any CPU
		{7BD826D9-9499-48F8-8659-8A94A0FAA637}.Release|Any CPU.Build.0 = Release|Any CPU
	EndGlobalSection
	GlobalSection(SolutionProperties) = preSolution
		HideSolutionNode = FALSE
	EndGlobalSection
	GlobalSection(ExtensibilityGlobals) = postSolution
		SolutionGuid = {F9FB5E9D-36F6-4123-AF5C-8CC5B40E0016}
	EndGlobalSection
EndGlobal
